// !$*UTF8*$!
{
	archiveVersion = 1;
	classes = {
	};
	objectVersion = 56;
	objects = {

/* Begin PBXBuildFile section */
		D4E2F91B366216B23D151FC1 /* Pods_QRMeasurement.framework in Frameworks */ = {isa = PBXBuildFile; fileRef = ECC8EBEE7BB02FAD0CDDC22E /* Pods_QRMeasurement.framework */; };
		F16F42442A312DB2007175FE /* AppDelegate.swift in Sources */ = {isa = PBXBuildFile; fileRef = F16F42432A312DB2007175FE /* AppDelegate.swift */; };
		F16F42462A312DB3007175FE /* SceneDelegate.swift in Sources */ = {isa = PBXBuildFile; fileRef = F16F42452A312DB3007175FE /* SceneDelegate.swift */; };
		F16F42482A312DB3007175FE /* ViewController.swift in Sources */ = {isa = PBXBuildFile; fileRef = F16F42472A312DB3007175FE /* ViewController.swift */; };
		F16F424B2A312DB3007175FE /* Main.storyboard in Resources */ = {isa = PBXBuildFile; fileRef = F16F42492A312DB3007175FE /* Main.storyboard */; };
		F16F424D2A312DB3007175FE /* Assets.xcassets in Resources */ = {isa = PBXBuildFile; fileRef = F16F424C2A312DB3007175FE /* Assets.xcassets */; };
		F16F42502A312DB3007175FE /* LaunchScreen.storyboard in Resources */ = {isa = PBXBuildFile; fileRef = F16F424E2A312DB3007175FE /* LaunchScreen.storyboard */; };
		F16F42582A31863C007175FE /* UIUtilities.swift in Sources */ = {isa = PBXBuildFile; fileRef = F16F42572A31863C007175FE /* UIUtilities.swift */; };
		F16F425A2A318C2C007175FE /* MLKitExtensions.swift in Sources */ = {isa = PBXBuildFile; fileRef = F16F42592A318C2C007175FE /* MLKitExtensions.swift */; };
/* End PBXBuildFile section */

/* Begin PBXFileReference section */
		58BC99E65A9F07BA72E9624F /* Pods-QRMeasurement.release.xcconfig */ = {isa = PBXFileReference; includeInIndex = 1; lastKnownFileType = text.xcconfig; name = "Pods-QRMeasurement.release.xcconfig"; path = "Target Support Files/Pods-QRMeasurement/Pods-QRMeasurement.release.xcconfig"; sourceTree = "<group>"; };
		992A4C93F33D0292A96A7127 /* Pods-QRMeasurement.debug.xcconfig */ = {isa = PBXFileReference; includeInIndex = 1; lastKnownFileType = text.xcconfig; name = "Pods-QRMeasurement.debug.xcconfig"; path = "Target Support Files/Pods-QRMeasurement/Pods-QRMeasurement.debug.xcconfig"; sourceTree = "<group>"; };
		ECC8EBEE7BB02FAD0CDDC22E /* Pods_QRMeasurement.framework */ = {isa = PBXFileReference; explicitFileType = wrapper.framework; includeInIndex = 0; path = Pods_QRMeasurement.framework; sourceTree = BUILT_PRODUCTS_DIR; };
		F16F42402A312DB2007175FE /* QRMeasurement.app */ = {isa = PBXFileReference; explicitFileType = wrapper.application; includeInIndex = 0; path = QRMeasurement.app; sourceTree = BUILT_PRODUCTS_DIR; };
		F16F42432A312DB2007175FE /* AppDelegate.swift */ = {isa = PBXFileReference; lastKnownFileType = sourcecode.swift; path = AppDelegate.swift; sourceTree = "<group>"; };
		F16F42452A312DB3007175FE /* SceneDelegate.swift */ = {isa = PBXFileReference; lastKnownFileType = sourcecode.swift; path = SceneDelegate.swift; sourceTree = "<group>"; };
		F16F42472A312DB3007175FE /* ViewController.swift */ = {isa = PBXFileReference; lastKnownFileType = sourcecode.swift; path = ViewController.swift; sourceTree = "<group>"; };
		F16F424A2A312DB3007175FE /* Base */ = {isa = PBXFileReference; lastKnownFileType = file.storyboard; name = Base; path = Base.lproj/Main.storyboard; sourceTree = "<group>"; };
		F16F424C2A312DB3007175FE /* Assets.xcassets */ = {isa = PBXFileReference; lastKnownFileType = folder.assetcatalog; path = Assets.xcassets; sourceTree = "<group>"; };
		F16F424F2A312DB3007175FE /* Base */ = {isa = PBXFileReference; lastKnownFileType = file.storyboard; name = Base; path = Base.lproj/LaunchScreen.storyboard; sourceTree = "<group>"; };
		F16F42512A312DB3007175FE /* Info.plist */ = {isa = PBXFileReference; lastKnownFileType = text.plist.xml; path = Info.plist; sourceTree = "<group>"; };
		F16F42572A31863C007175FE /* UIUtilities.swift */ = {isa = PBXFileReference; lastKnownFileType = sourcecode.swift; path = UIUtilities.swift; sourceTree = "<group>"; };
		F16F42592A318C2C007175FE /* MLKitExtensions.swift */ = {isa = PBXFileReference; lastKnownFileType = sourcecode.swift; path = MLKitExtensions.swift; sourceTree = "<group>"; };
/* End PBXFileReference section */

/* Begin PBXFrameworksBuildPhase section */
		F16F423D2A312DB2007175FE /* Frameworks */ = {
			isa = PBXFrameworksBuildPhase;
			buildActionMask = 2147483647;
			files = (
				D4E2F91B366216B23D151FC1 /* Pods_QRMeasurement.framework in Frameworks */,
			);
			runOnlyForDeploymentPostprocessing = 0;
		};
/* End PBXFrameworksBuildPhase section */

/* Begin PBXGroup section */
		06667BAFB9CCDA136785F758 /* Pods */ = {
			isa = PBXGroup;
			children = (
				992A4C93F33D0292A96A7127 /* Pods-QRMeasurement.debug.xcconfig */,
				58BC99E65A9F07BA72E9624F /* Pods-QRMeasurement.release.xcconfig */,
			);
			path = Pods;
			sourceTree = "<group>";
		};
		AA8528EB7C76AF9EA384E8A4 /* Frameworks */ = {
			isa = PBXGroup;
			children = (
				ECC8EBEE7BB02FAD0CDDC22E /* Pods_QRMeasurement.framework */,
			);
			name = Frameworks;
			sourceTree = "<group>";
		};
		F16F42372A312DB2007175FE = {
			isa = PBXGroup;
			children = (
				F16F42422A312DB2007175FE /* QRMeasurement */,
				F16F42412A312DB2007175FE /* Products */,
				06667BAFB9CCDA136785F758 /* Pods */,
				AA8528EB7C76AF9EA384E8A4 /* Frameworks */,
			);
			sourceTree = "<group>";
		};
		F16F42412A312DB2007175FE /* Products */ = {
			isa = PBXGroup;
			children = (
				F16F42402A312DB2007175FE /* QRMeasurement.app */,
			);
			name = Products;
			sourceTree = "<group>";
		};
		F16F42422A312DB2007175FE /* QRMeasurement */ = {
			isa = PBXGroup;
			children = (
				F16F42432A312DB2007175FE /* AppDelegate.swift */,
				F16F42452A312DB3007175FE /* SceneDelegate.swift */,
				F16F42472A312DB3007175FE /* ViewController.swift */,
				F16F42492A312DB3007175FE /* Main.storyboard */,
				F16F424C2A312DB3007175FE /* Assets.xcassets */,
				F16F424E2A312DB3007175FE /* LaunchScreen.storyboard */,
				F16F42512A312DB3007175FE /* Info.plist */,
				F16F42572A31863C007175FE /* UIUtilities.swift */,
				F16F42592A318C2C007175FE /* MLKitExtensions.swift */,
			);
			path = QRMeasurement;
			sourceTree = "<group>";
		};
/* End PBXGroup section */

/* Begin PBXNativeTarget section */
		F16F423F2A312DB2007175FE /* QRMeasurement */ = {
			isa = PBXNativeTarget;
			buildConfigurationList = F16F42542A312DB3007175FE /* Build configuration list for PBXNativeTarget "QRMeasurement" */;
			buildPhases = (
				0CF38E4251444949F68CA5BF /* [CP] Check Pods Manifest.lock */,
				F16F423C2A312DB2007175FE /* Sources */,
				F16F423D2A312DB2007175FE /* Frameworks */,
				F16F423E2A312DB2007175FE /* Resources */,
				5D8F1572952E1944D26AF627 /* [CP] Embed Pods Frameworks */,
			);
			buildRules = (
			);
			dependencies = (
			);
			name = QRMeasurement;
			productName = QRMeasurement;
			productReference = F16F42402A312DB2007175FE /* QRMeasurement.app */;
			productType = "com.apple.product-type.application";
		};
/* End PBXNativeTarget section */

/* Begin PBXProject section */
		F16F42382A312DB2007175FE /* Project object */ = {
			isa = PBXProject;
			attributes = {
				BuildIndependentTargetsInParallel = 1;
				LastSwiftUpdateCheck = 1430;
				LastUpgradeCheck = 1430;
				TargetAttributes = {
					F16F423F2A312DB2007175FE = {
						CreatedOnToolsVersion = 14.3.1;
					};
				};
			};
			buildConfigurationList = F16F423B2A312DB2007175FE /* Build configuration list for PBXProject "QRMeasurement" */;
			compatibilityVersion = "Xcode 14.0";
			developmentRegion = en;
			hasScannedForEncodings = 0;
			knownRegions = (
				en,
				Base,
			);
			mainGroup = F16F42372A312DB2007175FE;
			productRefGroup = F16F42412A312DB2007175FE /* Products */;
			projectDirPath = "";
			projectRoot = "";
			targets = (
				F16F423F2A312DB2007175FE /* QRMeasurement */,
			);
		};
/* End PBXProject section */

/* Begin PBXResourcesBuildPhase section */
		F16F423E2A312DB2007175FE /* Resources */ = {
			isa = PBXResourcesBuildPhase;
			buildActionMask = 2147483647;
			files = (
				F16F42502A312DB3007175FE /* LaunchScreen.storyboard in Resources */,
				F16F424D2A312DB3007175FE /* Assets.xcassets in Resources */,
				F16F424B2A312DB3007175FE /* Main.storyboard in Resources */,
			);
			runOnlyForDeploymentPostprocessing = 0;
		};
/* End PBXResourcesBuildPhase section */

/* Begin PBXShellScriptBuildPhase section */
		0CF38E4251444949F68CA5BF /* [CP] Check Pods Manifest.lock */ = {
			isa = PBXShellScriptBuildPhase;
			buildActionMask = 2147483647;
			files = (
			);
			inputFileListPaths = (
			);
			inputPaths = (
				"${PODS_PODFILE_DIR_PATH}/Podfile.lock",
				"${PODS_ROOT}/Manifest.lock",
			);
			name = "[CP] Check Pods Manifest.lock";
			outputFileListPaths = (
			);
			outputPaths = (
				"$(DERIVED_FILE_DIR)/Pods-QRMeasurement-checkManifestLockResult.txt",
			);
			runOnlyForDeploymentPostprocessing = 0;
			shellPath = /bin/sh;
			shellScript = "diff \"${PODS_PODFILE_DIR_PATH}/Podfile.lock\" \"${PODS_ROOT}/Manifest.lock\" > /dev/null\nif [ $? != 0 ] ; then\n    # print error to STDERR\n    echo \"error: The sandbox is not in sync with the Podfile.lock. Run 'pod install' or update your CocoaPods installation.\" >&2\n    exit 1\nfi\n# This output is used by Xcode 'outputs' to avoid re-running this script phase.\necho \"SUCCESS\" > \"${SCRIPT_OUTPUT_FILE_0}\"\n";
			showEnvVarsInLog = 0;
		};
		5D8F1572952E1944D26AF627 /* [CP] Embed Pods Frameworks */ = {
			isa = PBXShellScriptBuildPhase;
			buildActionMask = 2147483647;
			files = (
			);
			inputFileListPaths = (
				"${PODS_ROOT}/Target Support Files/Pods-QRMeasurement/Pods-QRMeasurement-frameworks-${CONFIGURATION}-input-files.xcfilelist",
			);
			name = "[CP] Embed Pods Frameworks";
			outputFileListPaths = (
				"${PODS_ROOT}/Target Support Files/Pods-QRMeasurement/Pods-QRMeasurement-frameworks-${CONFIGURATION}-output-files.xcfilelist",
			);
			runOnlyForDeploymentPostprocessing = 0;
			shellPath = /bin/sh;
			shellScript = "\"${PODS_ROOT}/Target Support Files/Pods-QRMeasurement/Pods-QRMeasurement-frameworks.sh\"\n";
			showEnvVarsInLog = 0;
		};
/* End PBXShellScriptBuildPhase section */

/* Begin PBXSourcesBuildPhase section */
		F16F423C2A312DB2007175FE /* Sources */ = {
			isa = PBXSourcesBuildPhase;
			buildActionMask = 2147483647;
			files = (
				F16F42482A312DB3007175FE /* ViewController.swift in Sources */,
				F16F42442A312DB2007175FE /* AppDelegate.swift in Sources */,
				F16F42582A31863C007175FE /* UIUtilities.swift in Sources */,
				F16F425A2A318C2C007175FE /* MLKitExtensions.swift in Sources */,
				F16F42462A312DB3007175FE /* SceneDelegate.swift in Sources */,
			);
			runOnlyForDeploymentPostprocessing = 0;
		};
/* End PBXSourcesBuildPhase section */

/* Begin PBXVariantGroup section */
		F16F42492A312DB3007175FE /* Main.storyboard */ = {
			isa = PBXVariantGroup;
			children = (
				F16F424A2A312DB3007175FE /* Base */,
			);
			name = Main.storyboard;
			sourceTree = "<group>";
		};
		F16F424E2A312DB3007175FE /* LaunchScreen.storyboard */ = {
			isa = PBXVariantGroup;
			children = (
				F16F424F2A312DB3007175FE /* Base */,
			);
			name = LaunchScreen.storyboard;
			sourceTree = "<group>";
		};
/* End PBXVariantGroup section */

/* Begin XCBuildConfiguration section */
		F16F42522A312DB3007175FE /* Debug */ = {
			isa = XCBuildConfiguration;
			buildSettings = {
				ALWAYS_SEARCH_USER_PATHS = NO;
				CLANG_ANALYZER_NONNULL = YES;
				CLANG_ANALYZER_NUMBER_OBJECT_CONVERSION = YES_AGGRESSIVE;
				CLANG_CXX_LANGUAGE_STANDARD = "gnu++20";
				CLANG_ENABLE_MODULES = YES;
				CLANG_ENABLE_OBJC_ARC = YES;
				CLANG_ENABLE_OBJC_WEAK = YES;
				CLANG_WARN_BLOCK_CAPTURE_AUTORELEASING = YES;
				CLANG_WARN_BOOL_CONVERSION = YES;
				CLANG_WARN_COMMA = YES;
				CLANG_WARN_CONSTANT_CONVERSION = YES;
				CLANG_WARN_DEPRECATED_OBJC_IMPLEMENTATIONS = YES;
				CLANG_WARN_DIRECT_OBJC_ISA_USAGE = YES_ERROR;
				CLANG_WARN_DOCUMENTATION_COMMENTS = YES;
				CLANG_WARN_EMPTY_BODY = YES;
				CLANG_WARN_ENUM_CONVERSION = YES;
				CLANG_WARN_INFINITE_RECURSION = YES;
				CLANG_WARN_INT_CONVERSION = YES;
				CLANG_WARN_NON_LITERAL_NULL_CONVERSION = YES;
				CLANG_WARN_OBJC_IMPLICIT_RETAIN_SELF = YES;
				CLANG_WARN_OBJC_LITERAL_CONVERSION = YES;
				CLANG_WARN_OBJC_ROOT_CLASS = YES_ERROR;
				CLANG_WARN_QUOTED_INCLUDE_IN_FRAMEWORK_HEADER = YES;
				CLANG_WARN_RANGE_LOOP_ANALYSIS = YES;
				CLANG_WARN_STRICT_PROTOTYPES = YES;
				CLANG_WARN_SUSPICIOUS_MOVE = YES;
				CLANG_WARN_UNGUARDED_AVAILABILITY = YES_AGGRESSIVE;
				CLANG_WARN_UNREACHABLE_CODE = YES;
				CLANG_WARN__DUPLICATE_METHOD_MATCH = YES;
				COPY_PHASE_STRIP = NO;
				DEBUG_INFORMATION_FORMAT = dwarf;
				ENABLE_STRICT_OBJC_MSGSEND = YES;
				ENABLE_TESTABILITY = YES;
				GCC_C_LANGUAGE_STANDARD = gnu11;
				GCC_DYNAMIC_NO_PIC = NO;
				GCC_NO_COMMON_BLOCKS = YES;
				GCC_OPTIMIZATION_LEVEL = 0;
				GCC_PREPROCESSOR_DEFINITIONS = (
					"DEBUG=1",
					"$(inherited)",
				);
				GCC_WARN_64_TO_32_BIT_CONVERSION = YES;
				GCC_WARN_ABOUT_RETURN_TYPE = YES_ERROR;
				GCC_WARN_UNDECLARED_SELECTOR = YES;
				GCC_WARN_UNINITIALIZED_AUTOS = YES_AGGRESSIVE;
				GCC_WARN_UNUSED_FUNCTION = YES;
				GCC_WARN_UNUSED_VARIABLE = YES;
				IPHONEOS_DEPLOYMENT_TARGET = 16.4;
				MTL_ENABLE_DEBUG_INFO = INCLUDE_SOURCE;
				MTL_FAST_MATH = YES;
				ONLY_ACTIVE_ARCH = YES;
				SDKROOT = iphoneos;
				SWIFT_ACTIVE_COMPILATION_CONDITIONS = DEBUG;
				SWIFT_OPTIMIZATION_LEVEL = "-Onone";
			};
			name = Debug;
		};
		F16F42532A312DB3007175FE /* Release */ = {
			isa = XCBuildConfiguration;
			buildSettings = {
				ALWAYS_SEARCH_USER_PATHS = NO;
				CLANG_ANALYZER_NONNULL = YES;
				CLANG_ANALYZER_NUMBER_OBJECT_CONVERSION = YES_AGGRESSIVE;
				CLANG_CXX_LANGUAGE_STANDARD = "gnu++20";
				CLANG_ENABLE_MODULES = YES;
				CLANG_ENABLE_OBJC_ARC = YES;
				CLANG_ENABLE_OBJC_WEAK = YES;
				CLANG_WARN_BLOCK_CAPTURE_AUTORELEASING = YES;
				CLANG_WARN_BOOL_CONVERSION = YES;
				CLANG_WARN_COMMA = YES;
				CLANG_WARN_CONSTANT_CONVERSION = YES;
				CLANG_WARN_DEPRECATED_OBJC_IMPLEMENTATIONS = YES;
				CLANG_WARN_DIRECT_OBJC_ISA_USAGE = YES_ERROR;
				CLANG_WARN_DOCUMENTATION_COMMENTS = YES;
				CLANG_WARN_EMPTY_BODY = YES;
				CLANG_WARN_ENUM_CONVERSION = YES;
				CLANG_WARN_INFINITE_RECURSION = YES;
				CLANG_WARN_INT_CONVERSION = YES;
				CLANG_WARN_NON_LITERAL_NULL_CONVERSION = YES;
				CLANG_WARN_OBJC_IMPLICIT_RETAIN_SELF = YES;
				CLANG_WARN_OBJC_LITERAL_CONVERSION = YES;
				CLANG_WARN_OBJC_ROOT_CLASS = YES_ERROR;
				CLANG_WARN_QUOTED_INCLUDE_IN_FRAMEWORK_HEADER = YES;
				CLANG_WARN_RANGE_LOOP_ANALYSIS = YES;
				CLANG_WARN_STRICT_PROTOTYPES = YES;
				CLANG_WARN_SUSPICIOUS_MOVE = YES;
				CLANG_WARN_UNGUARDED_AVAILABILITY = YES_AGGRESSIVE;
				CLANG_WARN_UNREACHABLE_CODE = YES;
				CLANG_WARN__DUPLICATE_METHOD_MATCH = YES;
				COPY_PHASE_STRIP = NO;
				DEBUG_INFORMATION_FORMAT = "dwarf-with-dsym";
				ENABLE_NS_ASSERTIONS = NO;
				ENABLE_STRICT_OBJC_MSGSEND = YES;
				GCC_C_LANGUAGE_STANDARD = gnu11;
				GCC_NO_COMMON_BLOCKS = YES;
				GCC_WARN_64_TO_32_BIT_CONVERSION = YES;
				GCC_WARN_ABOUT_RETURN_TYPE = YES_ERROR;
				GCC_WARN_UNDECLARED_SELECTOR = YES;
				GCC_WARN_UNINITIALIZED_AUTOS = YES_AGGRESSIVE;
				GCC_WARN_UNUSED_FUNCTION = YES;
				GCC_WARN_UNUSED_VARIABLE = YES;
				IPHONEOS_DEPLOYMENT_TARGET = 16.4;
				MTL_ENABLE_DEBUG_INFO = NO;
				MTL_FAST_MATH = YES;
				SDKROOT = iphoneos;
				SWIFT_COMPILATION_MODE = wholemodule;
				SWIFT_OPTIMIZATION_LEVEL = "-O";
				VALIDATE_PRODUCT = YES;
			};
			name = Release;
		};
		F16F42552A312DB3007175FE /* Debug */ = {
			isa = XCBuildConfiguration;
			baseConfigurationReference = 992A4C93F33D0292A96A7127 /* Pods-QRMeasurement.debug.xcconfig */;
			buildSettings = {
				ASSETCATALOG_COMPILER_APPICON_NAME = AppIcon;
				ASSETCATALOG_COMPILER_GLOBAL_ACCENT_COLOR_NAME = AccentColor;
				CODE_SIGN_STYLE = Automatic;
				CURRENT_PROJECT_VERSION = 1;
				DEVELOPMENT_TEAM = 87UE3VP6P2;
				GENERATE_INFOPLIST_FILE = YES;
				INFOPLIST_FILE = QRMeasurement/Info.plist;
				INFOPLIST_KEY_UIApplicationSupportsIndirectInputEvents = YES;
				INFOPLIST_KEY_UILaunchStoryboardName = LaunchScreen;
				INFOPLIST_KEY_UIMainStoryboardFile = Main;
				INFOPLIST_KEY_UISupportedInterfaceOrientations_iPad = "UIInterfaceOrientationPortrait UIInterfaceOrientationPortraitUpsideDown UIInterfaceOrientationLandscapeLeft UIInterfaceOrientationLandscapeRight";
				INFOPLIST_KEY_UISupportedInterfaceOrientations_iPhone = "UIInterfaceOrientationPortrait UIInterfaceOrientationLandscapeLeft UIInterfaceOrientationLandscapeRight";
				IPHONEOS_DEPLOYMENT_TARGET = 13.0;
				LD_RUNPATH_SEARCH_PATHS = (
					"$(inherited)",
					"@executable_path/Frameworks",
				);
				MARKETING_VERSION = 1.0;
				PRODUCT_BUNDLE_IDENTIFIER = com.jgba.QRMeasurement;
				PRODUCT_NAME = "$(TARGET_NAME)";
				SWIFT_EMIT_LOC_STRINGS = YES;
				SWIFT_VERSION = 5.0;
				TARGETED_DEVICE_FAMILY = "1,2";
			};
			name = Debug;
		};
		F16F42562A312DB3007175FE /* Release */ = {
			isa = XCBuildConfiguration;
			baseConfigurationReference = 58BC99E65A9F07BA72E9624F /* Pods-QRMeasurement.release.xcconfig */;
			buildSettings = {
				ASSETCATALOG_COMPILER_APPICON_NAME = AppIcon;
				ASSETCATALOG_COMPILER_GLOBAL_ACCENT_COLOR_NAME = AccentColor;
				CODE_SIGN_STYLE = Automatic;
				CURRENT_PROJECT_VERSION = 1;
				DEVELOPMENT_TEAM = 87UE3VP6P2;
				GENERATE_INFOPLIST_FILE = YES;
				INFOPLIST_FILE = QRMeasurement/Info.plist;
				INFOPLIST_KEY_UIApplicationSupportsIndirectInputEvents = YES;
				INFOPLIST_KEY_UILaunchStoryboardName = LaunchScreen;
				INFOPLIST_KEY_UIMainStoryboardFile = Main;
				INFOPLIST_KEY_UISupportedInterfaceOrientations_iPad = "UIInterfaceOrientationPortrait UIInterfaceOrientationPortraitUpsideDown UIInterfaceOrientationLandscapeLeft UIInterfaceOrientationLandscapeRight";
				INFOPLIST_KEY_UISupportedInterfaceOrientations_iPhone = "UIInterfaceOrientationPortrait UIInterfaceOrientationLandscapeLeft UIInterfaceOrientationLandscapeRight";
				IPHONEOS_DEPLOYMENT_TARGET = 13.0;
				LD_RUNPATH_SEARCH_PATHS = (
					"$(inherited)",
					"@executable_path/Frameworks",
				);
				MARKETING_VERSION = 1.0;
				PRODUCT_BUNDLE_IDENTIFIER = com.jgba.QRMeasurement;
				PRODUCT_NAME = "$(TARGET_NAME)";
				SWIFT_EMIT_LOC_STRINGS = YES;
				SWIFT_VERSION = 5.0;
				TARGETED_DEVICE_FAMILY = "1,2";
			};
			name = Release;
		};
/* End XCBuildConfiguration section */

/* Begin XCConfigurationList section */
		F16F423B2A312DB2007175FE /* Build configuration list for PBXProject "QRMeasurement" */ = {
			isa = XCConfigurationList;
			buildConfigurations = (
				F16F42522A312DB3007175FE /* Debug */,
				F16F42532A312DB3007175FE /* Release */,
			);
			defaultConfigurationIsVisible = 0;
			defaultConfigurationName = Release;
		};
		F16F42542A312DB3007175FE /* Build configuration list for PBXNativeTarget "QRMeasurement" */ = {
			isa = XCConfigurationList;
			buildConfigurations = (
				F16F42552A312DB3007175FE /* Debug */,
				F16F42562A312DB3007175FE /* Release */,
			);
			defaultConfigurationIsVisible = 0;
			defaultConfigurationName = Release;
		};
/* End XCConfigurationList section */
	};
	rootObject = F16F42382A312DB2007175FE /* Project object */;
}
